
Microsoft Visual Studio Solution File, Format Version 12.00
# Visual Studio 15
VisualStudioVersion = 15.0.28307.136
MinimumVisualStudioVersion = 10.0.40219.1
Project("{9A19103F-16F7-4668-BE54-9A1E7A4F7556}") = "V4NetCoreBot", "V4NetCoreBot\V4NetCoreBot.csproj", "{249FBCC1-86C3-40C6-8D51-C1B01E68F1E9}"
EndProject
Project("{FAE04EC0-301F-11D3-BF4B-00C04F79EFBC}") = "V3Migration", "..\V3Migration\V3Migration.csproj", "{58199A67-B0E6-48F4-A019-661ED8BECBF2}"
EndProject
Global
	GlobalSection(SolutionConfigurationPlatforms) = preSolution
		Debug|Any CPU = Debug|Any CPU
		Release|Any CPU = Release|Any CPU
	EndGlobalSection
	GlobalSection(ProjectConfigurationPlatforms) = postSolution
		{249FBCC1-86C3-40C6-8D51-C1B01E68F1E9}.Debug|Any CPU.ActiveCfg = Debug|Any CPU
		{249FBCC1-86C3-40C6-8D51-C1B01E68F1E9}.Debug|Any CPU.Build.0 = Debug|Any CPU
		{249FBCC1-86C3-40C6-8D51-C1B01E68F1E9}.Release|Any CPU.ActiveCfg = Release|Any CPU
		{249FBCC1-86C3-40C6-8D51-C1B01E68F1E9}.Release|Any CPU.Build.0 = Release|Any CPU
		{58199A67-B0E6-48F4-A019-661ED8BECBF2}.Debug|Any CPU.ActiveCfg = Debug|Any CPU
		{58199A67-B0E6-48F4-A019-661ED8BECBF2}.Debug|Any CPU.Build.0 = Debug|Any CPU
		{58199A67-B0E6-48F4-A019-661ED8BECBF2}.Release|Any CPU.ActiveCfg = Release|Any CPU
		{58199A67-B0E6-48F4-A019-661ED8BECBF2}.Release|Any CPU.Build.0 = Release|Any CPU
	EndGlobalSection
	GlobalSection(SolutionProperties) = preSolution
		HideSolutionNode = FALSE
	EndGlobalSection
	GlobalSection(ExtensibilityGlobals) = postSolution
		SolutionGuid = {7420A2B1-D7E0-465F-BE51-FC7AD05BF1B9}
	EndGlobalSection
EndGlobal
